// !$*UTF8*$!
{
	archiveVersion = 1;
	classes = {
	};
	objectVersion = 46;
	objects = {

/* Begin PBXBuildFile section */
		580CAECB18AA816F007FD249 /* Foundation.framework in Frameworks */ = {isa = PBXBuildFile; fileRef = 580CAECA18AA816F007FD249 /* Foundation.framework */; };
		580CAECD18AA816F007FD249 /* CoreGraphics.framework in Frameworks */ = {isa = PBXBuildFile; fileRef = 580CAECC18AA816F007FD249 /* CoreGraphics.framework */; };
		580CAECF18AA816F007FD249 /* UIKit.framework in Frameworks */ = {isa = PBXBuildFile; fileRef = 580CAECE18AA816F007FD249 /* UIKit.framework */; };
		580CAED518AA816F007FD249 /* InfoPlist.strings in Resources */ = {isa = PBXBuildFile; fileRef = 580CAED318AA816F007FD249 /* InfoPlist.strings */; };
		580CAED718AA816F007FD249 /* main.m in Sources */ = {isa = PBXBuildFile; fileRef = 580CAED618AA816F007FD249 /* main.m */; };
		580CAEDB18AA816F007FD249 /* OWAppDelegate.m in Sources */ = {isa = PBXBuildFile; fileRef = 580CAEDA18AA816F007FD249 /* OWAppDelegate.m */; };
		580CAEDE18AA816F007FD249 /* Main.storyboard in Resources */ = {isa = PBXBuildFile; fileRef = 580CAEDC18AA816F007FD249 /* Main.storyboard */; };
		580CAEE318AA816F007FD249 /* Images.xcassets in Resources */ = {isa = PBXBuildFile; fileRef = 580CAEE218AA816F007FD249 /* Images.xcassets */; };
		580CAEEA18AA816F007FD249 /* XCTest.framework in Frameworks */ = {isa = PBXBuildFile; fileRef = 580CAEE918AA816F007FD249 /* XCTest.framework */; };
		580CAEEB18AA816F007FD249 /* Foundation.framework in Frameworks */ = {isa = PBXBuildFile; fileRef = 580CAECA18AA816F007FD249 /* Foundation.framework */; };
		580CAEEC18AA816F007FD249 /* UIKit.framework in Frameworks */ = {isa = PBXBuildFile; fileRef = 580CAECE18AA816F007FD249 /* UIKit.framework */; };
		580CAEF418AA816F007FD249 /* InfoPlist.strings in Resources */ = {isa = PBXBuildFile; fileRef = 580CAEF218AA816F007FD249 /* InfoPlist.strings */; };
		580CAEF618AA816F007FD249 /* Out_Of_This_WorldTests.m in Sources */ = {isa = PBXBuildFile; fileRef = 580CAEF518AA816F007FD249 /* Out_Of_This_WorldTests.m */; };
		580CAF0418AA8353007FD249 /* OWOutOfThisWorldViewController.m in Sources */ = {isa = PBXBuildFile; fileRef = 580CAF0318AA8353007FD249 /* OWOutOfThisWorldViewController.m */; };
		580CAF0718AAA5CF007FD249 /* AstronomicalData.m in Sources */ = {isa = PBXBuildFile; fileRef = 580CAF0618AAA5CF007FD249 /* AstronomicalData.m */; };
		581FFD3518AAD82F008CC07E /* OWSpaceObject.m in Sources */ = {isa = PBXBuildFile; fileRef = 581FFD3418AAD82F008CC07E /* OWSpaceObject.m */; };
		5888107E18AFC6B9002A2765 /* OWAddSpaceObjectViewController.m in Sources */ = {isa = PBXBuildFile; fileRef = 5888107D18AFC6B9002A2765 /* OWAddSpaceObjectViewController.m */; };
		5888108918AFCB26002A2765 /* Earth.jpg in Resources */ = {isa = PBXBuildFile; fileRef = 5888107F18AFCB26002A2765 /* Earth.jpg */; };
		5888108A18AFCB26002A2765 /* EinsteinRing.jpg in Resources */ = {isa = PBXBuildFile; fileRef = 5888108018AFCB26002A2765 /* EinsteinRing.jpg */; };
		5888108B18AFCB26002A2765 /* Jupiter.jpg in Resources */ = {isa = PBXBuildFile; fileRef = 5888108118AFCB26002A2765 /* Jupiter.jpg */; };
		5888108C18AFCB26002A2765 /* Mars.jpg in Resources */ = {isa = PBXBuildFile; fileRef = 5888108218AFCB26002A2765 /* Mars.jpg */; };
		5888108D18AFCB26002A2765 /* Mercury.jpg in Resources */ = {isa = PBXBuildFile; fileRef = 5888108318AFCB26002A2765 /* Mercury.jpg */; };
		5888108E18AFCB26002A2765 /* Neptune.jpg in Resources */ = {isa = PBXBuildFile; fileRef = 5888108418AFCB26002A2765 /* Neptune.jpg */; };
		5888108F18AFCB26002A2765 /* Orion.jpg in Resources */ = {isa = PBXBuildFile; fileRef = 5888108518AFCB26002A2765 /* Orion.jpg */; };
		5888109018AFCB26002A2765 /* Saturn.jpg in Resources */ = {isa = PBXBuildFile; fileRef = 5888108618AFCB26002A2765 /* Saturn.jpg */; };
		5888109118AFCB26002A2765 /* Uranus.jpg in Resources */ = {isa = PBXBuildFile; fileRef = 5888108718AFCB26002A2765 /* Uranus.jpg */; };
		5888109218AFCB26002A2765 /* Venus.jpg in Resources */ = {isa = PBXBuildFile; fileRef = 5888108818AFCB26002A2765 /* Venus.jpg */; };
		5888109418B02CC0002A2765 /* Tarry.jpg in Resources */ = {isa = PBXBuildFile; fileRef = 5888109318B02CC0002A2765 /* Tarry.jpg */; };
		58DCED1E18AD1165005BDA7F /* OWSpaceImageViewController.m in Sources */ = {isa = PBXBuildFile; fileRef = 58DCED1D18AD1165005BDA7F /* OWSpaceImageViewController.m */; };
		58DCED2B18AD1743005BDA7F /* pluto.jpg in Resources */ = {isa = PBXBuildFile; fileRef = 58DCED2318AD1743005BDA7F /* pluto.jpg */; };
		58DCEDFD18AD67A9005BDA7F /* OWSpaceDataViewController.m in Sources */ = {isa = PBXBuildFile; fileRef = 58DCEDFC18AD67A9005BDA7F /* OWSpaceDataViewController.m */; };
/* End PBXBuildFile section */

/* Begin PBXContainerItemProxy section */
		580CAEED18AA816F007FD249 /* PBXContainerItemProxy */ = {
			isa = PBXContainerItemProxy;
			containerPortal = 580CAEBF18AA816F007FD249 /* Project object */;
			proxyType = 1;
			remoteGlobalIDString = 580CAEC618AA816F007FD249;
			remoteInfo = "Out Of This World";
		};
/* End PBXContainerItemProxy section */

/* Begin PBXFileReference section */
		580CAEC718AA816F007FD249 /* Out Of This World.app */ = {isa = PBXFileReference; explicitFileType = wrapper.application; includeInIndex = 0; path = "Out Of This World.app"; sourceTree = BUILT_PRODUCTS_DIR; };
		580CAECA18AA816F007FD249 /* Foundation.framework */ = {isa = PBXFileReference; lastKnownFileType = wrapper.framework; name = Foundation.framework; path = System/Library/Frameworks/Foundation.framework; sourceTree = SDKROOT; };
		580CAECC18AA816F007FD249 /* CoreGraphics.framework */ = {isa = PBXFileReference; lastKnownFileType = wrapper.framework; name = CoreGraphics.framework; path = System/Library/Frameworks/CoreGraphics.framework; sourceTree = SDKROOT; };
		580CAECE18AA816F007FD249 /* UIKit.framework */ = {isa = PBXFileReference; lastKnownFileType = wrapper.framework; name = UIKit.framework; path = System/Library/Frameworks/UIKit.framework; sourceTree = SDKROOT; };
		580CAED218AA816F007FD249 /* Out Of This World-Info.plist */ = {isa = PBXFileReference; lastKnownFileType = text.plist.xml; path = "Out Of This World-Info.plist"; sourceTree = "<group>"; };
		580CAED418AA816F007FD249 /* en */ = {isa = PBXFileReference; lastKnownFileType = text.plist.strings; name = en; path = en.lproj/InfoPlist.strings; sourceTree = "<group>"; };
		580CAED618AA816F007FD249 /* main.m */ = {isa = PBXFileReference; lastKnownFileType = sourcecode.c.objc; path = main.m; sourceTree = "<group>"; };
		580CAED818AA816F007FD249 /* Out Of This World-Prefix.pch */ = {isa = PBXFileReference; lastKnownFileType = sourcecode.c.h; path = "Out Of This World-Prefix.pch"; sourceTree = "<group>"; };
		580CAED918AA816F007FD249 /* OWAppDelegate.h */ = {isa = PBXFileReference; lastKnownFileType = sourcecode.c.h; path = OWAppDelegate.h; sourceTree = "<group>"; };
		580CAEDA18AA816F007FD249 /* OWAppDelegate.m */ = {isa = PBXFileReference; lastKnownFileType = sourcecode.c.objc; path = OWAppDelegate.m; sourceTree = "<group>"; };
		580CAEDD18AA816F007FD249 /* Base */ = {isa = PBXFileReference; lastKnownFileType = file.storyboard; name = Base; path = Base.lproj/Main.storyboard; sourceTree = "<group>"; };
		580CAEE218AA816F007FD249 /* Images.xcassets */ = {isa = PBXFileReference; lastKnownFileType = folder.assetcatalog; path = Images.xcassets; sourceTree = "<group>"; };
		580CAEE818AA816F007FD249 /* Out Of This WorldTests.xctest */ = {isa = PBXFileReference; explicitFileType = wrapper.cfbundle; includeInIndex = 0; path = "Out Of This WorldTests.xctest"; sourceTree = BUILT_PRODUCTS_DIR; };
		580CAEE918AA816F007FD249 /* XCTest.framework */ = {isa = PBXFileReference; lastKnownFileType = wrapper.framework; name = XCTest.framework; path = Library/Frameworks/XCTest.framework; sourceTree = DEVELOPER_DIR; };
		580CAEF118AA816F007FD249 /* Out Of This WorldTests-Info.plist */ = {isa = PBXFileReference; lastKnownFileType = text.plist.xml; path = "Out Of This WorldTests-Info.plist"; sourceTree = "<group>"; };
		580CAEF318AA816F007FD249 /* en */ = {isa = PBXFileReference; lastKnownFileType = text.plist.strings; name = en; path = en.lproj/InfoPlist.strings; sourceTree = "<group>"; };
		580CAEF518AA816F007FD249 /* Out_Of_This_WorldTests.m */ = {isa = PBXFileReference; lastKnownFileType = sourcecode.c.objc; path = Out_Of_This_WorldTests.m; sourceTree = "<group>"; };
		580CAF0218AA8353007FD249 /* OWOutOfThisWorldViewController.h */ = {isa = PBXFileReference; fileEncoding = 4; lastKnownFileType = sourcecode.c.h; name = OWOutOfThisWorldViewController.h; path = ../OWOutOfThisWorldViewController.h; sourceTree = "<group>"; };
		580CAF0318AA8353007FD249 /* OWOutOfThisWorldViewController.m */ = {isa = PBXFileReference; fileEncoding = 4; lastKnownFileType = sourcecode.c.objc; name = OWOutOfThisWorldViewController.m; path = ../OWOutOfThisWorldViewController.m; sourceTree = "<group>"; };
		580CAF0518AAA5CF007FD249 /* AstronomicalData.h */ = {isa = PBXFileReference; fileEncoding = 4; lastKnownFileType = sourcecode.c.h; path = AstronomicalData.h; sourceTree = "<group>"; };
		580CAF0618AAA5CF007FD249 /* AstronomicalData.m */ = {isa = PBXFileReference; fileEncoding = 4; lastKnownFileType = sourcecode.c.objc; path = AstronomicalData.m; sourceTree = "<group>"; };
		581FFD3318AAD82F008CC07E /* OWSpaceObject.h */ = {isa = PBXFileReference; fileEncoding = 4; lastKnownFileType = sourcecode.c.h; path = OWSpaceObject.h; sourceTree = "<group>"; };
		581FFD3418AAD82F008CC07E /* OWSpaceObject.m */ = {isa = PBXFileReference; fileEncoding = 4; lastKnownFileType = sourcecode.c.objc; path = OWSpaceObject.m; sourceTree = "<group>"; };
		5888107C18AFC6B9002A2765 /* OWAddSpaceObjectViewController.h */ = {isa = PBXFileReference; fileEncoding = 4; lastKnownFileType = sourcecode.c.h; path = OWAddSpaceObjectViewController.h; sourceTree = "<group>"; };
		5888107D18AFC6B9002A2765 /* OWAddSpaceObjectViewController.m */ = {isa = PBXFileReference; fileEncoding = 4; lastKnownFileType = sourcecode.c.objc; path = OWAddSpaceObjectViewController.m; sourceTree = "<group>"; };
		5888107F18AFCB26002A2765 /* Earth.jpg */ = {isa = PBXFileReference; lastKnownFileType = image.jpeg; path = Earth.jpg; sourceTree = "<group>"; };
		5888108018AFCB26002A2765 /* EinsteinRing.jpg */ = {isa = PBXFileReference; lastKnownFileType = image.jpeg; path = EinsteinRing.jpg; sourceTree = "<group>"; };
		5888108118AFCB26002A2765 /* Jupiter.jpg */ = {isa = PBXFileReference; lastKnownFileType = image.jpeg; path = Jupiter.jpg; sourceTree = "<group>"; };
		5888108218AFCB26002A2765 /* Mars.jpg */ = {isa = PBXFileReference; lastKnownFileType = image.jpeg; path = Mars.jpg; sourceTree = "<group>"; };
		5888108318AFCB26002A2765 /* Mercury.jpg */ = {isa = PBXFileReference; lastKnownFileType = image.jpeg; path = Mercury.jpg; sourceTree = "<group>"; };
		5888108418AFCB26002A2765 /* Neptune.jpg */ = {isa = PBXFileReference; lastKnownFileType = image.jpeg; path = Neptune.jpg; sourceTree = "<group>"; };
		5888108518AFCB26002A2765 /* Orion.jpg */ = {isa = PBXFileReference; lastKnownFileType = image.jpeg; path = Orion.jpg; sourceTree = "<group>"; };
		5888108618AFCB26002A2765 /* Saturn.jpg */ = {isa = PBXFileReference; lastKnownFileType = image.jpeg; path = Saturn.jpg; sourceTree = "<group>"; };
		5888108718AFCB26002A2765 /* Uranus.jpg */ = {isa = PBXFileReference; lastKnownFileType = image.jpeg; path = Uranus.jpg; sourceTree = "<group>"; };
		5888108818AFCB26002A2765 /* Venus.jpg */ = {isa = PBXFileReference; lastKnownFileType = image.jpeg; path = Venus.jpg; sourceTree = "<group>"; };
		5888109318B02CC0002A2765 /* Tarry.jpg */ = {isa = PBXFileReference; lastKnownFileType = image.jpeg; path = Tarry.jpg; sourceTree = "<group>"; };
		58DCED1C18AD1165005BDA7F /* OWSpaceImageViewController.h */ = {isa = PBXFileReference; fileEncoding = 4; lastKnownFileType = sourcecode.c.h; path = OWSpaceImageViewController.h; sourceTree = "<group>"; };
		58DCED1D18AD1165005BDA7F /* OWSpaceImageViewController.m */ = {isa = PBXFileReference; fileEncoding = 4; lastKnownFileType = sourcecode.c.objc; path = OWSpaceImageViewController.m; sourceTree = "<group>"; };
		58DCED2318AD1743005BDA7F /* pluto.jpg */ = {isa = PBXFileReference; lastKnownFileType = image.jpeg; path = pluto.jpg; sourceTree = "<group>"; };
		58DCEDFB18AD67A9005BDA7F /* OWSpaceDataViewController.h */ = {isa = PBXFileReference; fileEncoding = 4; lastKnownFileType = sourcecode.c.h; path = OWSpaceDataViewController.h; sourceTree = "<group>"; };
		58DCEDFC18AD67A9005BDA7F /* OWSpaceDataViewController.m */ = {isa = PBXFileReference; fileEncoding = 4; lastKnownFileType = sourcecode.c.objc; path = OWSpaceDataViewController.m; sourceTree = "<group>"; };
/* End PBXFileReference section */

/* Begin PBXFrameworksBuildPhase section */
		580CAEC418AA816F007FD249 /* Frameworks */ = {
			isa = PBXFrameworksBuildPhase;
			buildActionMask = 2147483647;
			files = (
				580CAECD18AA816F007FD249 /* CoreGraphics.framework in Frameworks */,
				580CAECF18AA816F007FD249 /* UIKit.framework in Frameworks */,
				580CAECB18AA816F007FD249 /* Foundation.framework in Frameworks */,
			);
			runOnlyForDeploymentPostprocessing = 0;
		};
		580CAEE518AA816F007FD249 /* Frameworks */ = {
			isa = PBXFrameworksBuildPhase;
			buildActionMask = 2147483647;
			files = (
				580CAEEA18AA816F007FD249 /* XCTest.framework in Frameworks */,
				580CAEEC18AA816F007FD249 /* UIKit.framework in Frameworks */,
				580CAEEB18AA816F007FD249 /* Foundation.framework in Frameworks */,
			);
			runOnlyForDeploymentPostprocessing = 0;
		};
/* End PBXFrameworksBuildPhase section */

/* Begin PBXGroup section */
		580CAEBE18AA816F007FD249 = {
			isa = PBXGroup;
			children = (
				580CAED018AA816F007FD249 /* Out Of This World */,
				580CAEEF18AA816F007FD249 /* Out Of This WorldTests */,
				580CAEC918AA816F007FD249 /* Frameworks */,
				580CAEC818AA816F007FD249 /* Products */,
			);
			sourceTree = "<group>";
		};
		580CAEC818AA816F007FD249 /* Products */ = {
			isa = PBXGroup;
			children = (
				580CAEC718AA816F007FD249 /* Out Of This World.app */,
				580CAEE818AA816F007FD249 /* Out Of This WorldTests.xctest */,
			);
			name = Products;
			sourceTree = "<group>";
		};
		580CAEC918AA816F007FD249 /* Frameworks */ = {
			isa = PBXGroup;
			children = (
				580CAECA18AA816F007FD249 /* Foundation.framework */,
				580CAECC18AA816F007FD249 /* CoreGraphics.framework */,
				580CAECE18AA816F007FD249 /* UIKit.framework */,
				580CAEE918AA816F007FD249 /* XCTest.framework */,
			);
			name = Frameworks;
			sourceTree = "<group>";
		};
		580CAED018AA816F007FD249 /* Out Of This World */ = {
			isa = PBXGroup;
			children = (
				581FFD3318AAD82F008CC07E /* OWSpaceObject.h */,
				581FFD3418AAD82F008CC07E /* OWSpaceObject.m */,
				580CAED918AA816F007FD249 /* OWAppDelegate.h */,
				580CAEDA18AA816F007FD249 /* OWAppDelegate.m */,
				580CAEDC18AA816F007FD249 /* Main.storyboard */,
				5888107C18AFC6B9002A2765 /* OWAddSpaceObjectViewController.h */,
				5888107D18AFC6B9002A2765 /* OWAddSpaceObjectViewController.m */,
				58DCED1C18AD1165005BDA7F /* OWSpaceImageViewController.h */,
				58DCED1D18AD1165005BDA7F /* OWSpaceImageViewController.m */,
				58DCEDFB18AD67A9005BDA7F /* OWSpaceDataViewController.h */,
				58DCEDFC18AD67A9005BDA7F /* OWSpaceDataViewController.m */,
				580CAF0218AA8353007FD249 /* OWOutOfThisWorldViewController.h */,
				580CAF0318AA8353007FD249 /* OWOutOfThisWorldViewController.m */,
				580CAEE218AA816F007FD249 /* Images.xcassets */,
				580CAED118AA816F007FD249 /* Supporting Files */,
			);
			path = "Out Of This World";
			sourceTree = "<group>";
		};
		580CAED118AA816F007FD249 /* Supporting Files */ = {
			isa = PBXGroup;
			children = (
				5888109318B02CC0002A2765 /* Tarry.jpg */,
				58DCED2318AD1743005BDA7F /* pluto.jpg */,
				580CAF0518AAA5CF007FD249 /* AstronomicalData.h */,
				580CAF0618AAA5CF007FD249 /* AstronomicalData.m */,
				580CAED218AA816F007FD249 /* Out Of This World-Info.plist */,
				580CAED318AA816F007FD249 /* InfoPlist.strings */,
				5888107F18AFCB26002A2765 /* Earth.jpg */,
				5888108018AFCB26002A2765 /* EinsteinRing.jpg */,
				5888108118AFCB26002A2765 /* Jupiter.jpg */,
				5888108218AFCB26002A2765 /* Mars.jpg */,
				5888108318AFCB26002A2765 /* Mercury.jpg */,
				5888108418AFCB26002A2765 /* Neptune.jpg */,
				5888108518AFCB26002A2765 /* Orion.jpg */,
				5888108618AFCB26002A2765 /* Saturn.jpg */,
				5888108718AFCB26002A2765 /* Uranus.jpg */,
				5888108818AFCB26002A2765 /* Venus.jpg */,
				580CAED618AA816F007FD249 /* main.m */,
				580CAED818AA816F007FD249 /* Out Of This World-Prefix.pch */,
			);
			name = "Supporting Files";
			sourceTree = "<group>";
		};
		580CAEEF18AA816F007FD249 /* Out Of This WorldTests */ = {
			isa = PBXGroup;
			children = (
				580CAEF518AA816F007FD249 /* Out_Of_This_WorldTests.m */,
				580CAEF018AA816F007FD249 /* Supporting Files */,
			);
			path = "Out Of This WorldTests";
			sourceTree = "<group>";
		};
		580CAEF018AA816F007FD249 /* Supporting Files */ = {
			isa = PBXGroup;
			children = (
				580CAEF118AA816F007FD249 /* Out Of This WorldTests-Info.plist */,
				580CAEF218AA816F007FD249 /* InfoPlist.strings */,
			);
			name = "Supporting Files";
			sourceTree = "<group>";
		};
/* End PBXGroup section */

/* Begin PBXNativeTarget section */
		580CAEC618AA816F007FD249 /* Out Of This World */ = {
			isa = PBXNativeTarget;
			buildConfigurationList = 580CAEF918AA816F007FD249 /* Build configuration list for PBXNativeTarget "Out Of This World" */;
			buildPhases = (
				580CAEC318AA816F007FD249 /* Sources */,
				580CAEC418AA816F007FD249 /* Frameworks */,
				580CAEC518AA816F007FD249 /* Resources */,
			);
			buildRules = (
			);
			dependencies = (
			);
			name = "Out Of This World";
			productName = "Out Of This World";
			productReference = 580CAEC718AA816F007FD249 /* Out Of This World.app */;
			productType = "com.apple.product-type.application";
		};
		580CAEE718AA816F007FD249 /* Out Of This WorldTests */ = {
			isa = PBXNativeTarget;
			buildConfigurationList = 580CAEFC18AA816F007FD249 /* Build configuration list for PBXNativeTarget "Out Of This WorldTests" */;
			buildPhases = (
				580CAEE418AA816F007FD249 /* Sources */,
				580CAEE518AA816F007FD249 /* Frameworks */,
				580CAEE618AA816F007FD249 /* Resources */,
			);
			buildRules = (
			);
			dependencies = (
				580CAEEE18AA816F007FD249 /* PBXTargetDependency */,
			);
			name = "Out Of This WorldTests";
			productName = "Out Of This WorldTests";
			productReference = 580CAEE818AA816F007FD249 /* Out Of This WorldTests.xctest */;
			productType = "com.apple.product-type.bundle.unit-test";
		};
/* End PBXNativeTarget section */

/* Begin PBXProject section */
		580CAEBF18AA816F007FD249 /* Project object */ = {
			isa = PBXProject;
			attributes = {
				CLASSPREFIX = OW;
				LastUpgradeCheck = 0500;
				ORGANIZATIONNAME = "Tarrant Cutler";
				TargetAttributes = {
					580CAEE718AA816F007FD249 = {
						TestTargetID = 580CAEC618AA816F007FD249;
					};
				};
			};
			buildConfigurationList = 580CAEC218AA816F007FD249 /* Build configuration list for PBXProject "Out Of This World" */;
			compatibilityVersion = "Xcode 3.2";
			developmentRegion = English;
			hasScannedForEncodings = 0;
			knownRegions = (
				en,
				Base,
			);
			mainGroup = 580CAEBE18AA816F007FD249;
			productRefGroup = 580CAEC818AA816F007FD249 /* Products */;
			projectDirPath = "";
			projectRoot = "";
			targets = (
				580CAEC618AA816F007FD249 /* Out Of This World */,
				580CAEE718AA816F007FD249 /* Out Of This WorldTests */,
			);
		};
/* End PBXProject section */

/* Begin PBXResourcesBuildPhase section */
		580CAEC518AA816F007FD249 /* Resources */ = {
			isa = PBXResourcesBuildPhase;
			buildActionMask = 2147483647;
			files = (
				5888108A18AFCB26002A2765 /* EinsteinRing.jpg in Resources */,
				580CAEE318AA816F007FD249 /* Images.xcassets in Resources */,
				5888108C18AFCB26002A2765 /* Mars.jpg in Resources */,
				5888108F18AFCB26002A2765 /* Orion.jpg in Resources */,
				5888108D18AFCB26002A2765 /* Mercury.jpg in Resources */,
				580CAED518AA816F007FD249 /* InfoPlist.strings in Resources */,
				5888108E18AFCB26002A2765 /* Neptune.jpg in Resources */,
				58DCED2B18AD1743005BDA7F /* pluto.jpg in Resources */,
				5888108918AFCB26002A2765 /* Earth.jpg in Resources */,
				5888108B18AFCB26002A2765 /* Jupiter.jpg in Resources */,
				5888109018AFCB26002A2765 /* Saturn.jpg in Resources */,
				5888109218AFCB26002A2765 /* Venus.jpg in Resources */,
				580CAEDE18AA816F007FD249 /* Main.storyboard in Resources */,
				5888109118AFCB26002A2765 /* Uranus.jpg in Resources */,
				5888109418B02CC0002A2765 /* Tarry.jpg in Resources */,
			);
			runOnlyForDeploymentPostprocessing = 0;
		};
		580CAEE618AA816F007FD249 /* Resources */ = {
			isa = PBXResourcesBuildPhase;
			buildActionMask = 2147483647;
			files = (
				580CAEF418AA816F007FD249 /* InfoPlist.strings in Resources */,
			);
			runOnlyForDeploymentPostprocessing = 0;
		};
/* End PBXResourcesBuildPhase section */

/* Begin PBXSourcesBuildPhase section */
		580CAEC318AA816F007FD249 /* Sources */ = {
			isa = PBXSourcesBuildPhase;
			buildActionMask = 2147483647;
			files = (
				5888107E18AFC6B9002A2765 /* OWAddSpaceObjectViewController.m in Sources */,
				580CAEDB18AA816F007FD249 /* OWAppDelegate.m in Sources */,
				581FFD3518AAD82F008CC07E /* OWSpaceObject.m in Sources */,
				580CAED718AA816F007FD249 /* main.m in Sources */,
				580CAF0418AA8353007FD249 /* OWOutOfThisWorldViewController.m in Sources */,
				580CAF0718AAA5CF007FD249 /* AstronomicalData.m in Sources */,
				58DCEDFD18AD67A9005BDA7F /* OWSpaceDataViewController.m in Sources */,
				58DCED1E18AD1165005BDA7F /* OWSpaceImageViewController.m in Sources */,
			);
			runOnlyForDeploymentPostprocessing = 0;
		};
		580CAEE418AA816F007FD249 /* Sources */ = {
			isa = PBXSourcesBuildPhase;
			buildActionMask = 2147483647;
			files = (
				580CAEF618AA816F007FD249 /* Out_Of_This_WorldTests.m in Sources */,
			);
			runOnlyForDeploymentPostprocessing = 0;
		};
/* End PBXSourcesBuildPhase section */

/* Begin PBXTargetDependency section */
		580CAEEE18AA816F007FD249 /* PBXTargetDependency */ = {
			isa = PBXTargetDependency;
			target = 580CAEC618AA816F007FD249 /* Out Of This World */;
			targetProxy = 580CAEED18AA816F007FD249 /* PBXContainerItemProxy */;
		};
/* End PBXTargetDependency section */

/* Begin PBXVariantGroup section */
		580CAED318AA816F007FD249 /* InfoPlist.strings */ = {
			isa = PBXVariantGroup;
			children = (
				580CAED418AA816F007FD249 /* en */,
			);
			name = InfoPlist.strings;
			sourceTree = "<group>";
		};
		580CAEDC18AA816F007FD249 /* Main.storyboard */ = {
			isa = PBXVariantGroup;
			children = (
				580CAEDD18AA816F007FD249 /* Base */,
			);
			name = Main.storyboard;
			sourceTree = "<group>";
		};
		580CAEF218AA816F007FD249 /* InfoPlist.strings */ = {
			isa = PBXVariantGroup;
			children = (
				580CAEF318AA816F007FD249 /* en */,
			);
			name = InfoPlist.strings;
			sourceTree = "<group>";
		};
/* End PBXVariantGroup section */

/* Begin XCBuildConfiguration section */
		580CAEF718AA816F007FD249 /* Debug */ = {
			isa = XCBuildConfiguration;
			buildSettings = {
				ALWAYS_SEARCH_USER_PATHS = NO;
				ARCHS = "$(ARCHS_STANDARD_INCLUDING_64_BIT)";
				CLANG_CXX_LANGUAGE_STANDARD = "gnu++0x";
				CLANG_CXX_LIBRARY = "libc++";
				CLANG_ENABLE_MODULES = YES;
				CLANG_ENABLE_OBJC_ARC = YES;
				CLANG_WARN_BOOL_CONVERSION = YES;
				CLANG_WARN_CONSTANT_CONVERSION = YES;
				CLANG_WARN_DIRECT_OBJC_ISA_USAGE = YES_ERROR;
				CLANG_WARN_EMPTY_BODY = YES;
				CLANG_WARN_ENUM_CONVERSION = YES;
				CLANG_WARN_INT_CONVERSION = YES;
				CLANG_WARN_OBJC_ROOT_CLASS = YES_ERROR;
				CLANG_WARN__DUPLICATE_METHOD_MATCH = YES;
				"CODE_SIGN_IDENTITY[sdk=iphoneos*]" = "iPhone Developer";
				COPY_PHASE_STRIP = NO;
				GCC_C_LANGUAGE_STANDARD = gnu99;
				GCC_DYNAMIC_NO_PIC = NO;
				GCC_OPTIMIZATION_LEVEL = 0;
				GCC_PREPROCESSOR_DEFINITIONS = (
					"DEBUG=1",
					"$(inherited)",
				);
				GCC_SYMBOLS_PRIVATE_EXTERN = NO;
				GCC_WARN_64_TO_32_BIT_CONVERSION = YES;
				GCC_WARN_ABOUT_RETURN_TYPE = YES_ERROR;
				GCC_WARN_UNDECLARED_SELECTOR = YES;
				GCC_WARN_UNINITIALIZED_AUTOS = YES;
				GCC_WARN_UNUSED_FUNCTION = YES;
				GCC_WARN_UNUSED_VARIABLE = YES;
				IPHONEOS_DEPLOYMENT_TARGET = 7.0;
				ONLY_ACTIVE_ARCH = YES;
				SDKROOT = iphoneos;
			};
			name = Debug;
		};
		580CAEF818AA816F007FD249 /* Release */ = {
			isa = XCBuildConfiguration;
			buildSettings = {
				ALWAYS_SEARCH_USER_PATHS = NO;
				ARCHS = "$(ARCHS_STANDARD_INCLUDING_64_BIT)";
				CLANG_CXX_LANGUAGE_STANDARD = "gnu++0x";
				CLANG_CXX_LIBRARY = "libc++";
				CLANG_ENABLE_MODULES = YES;
				CLANG_ENABLE_OBJC_ARC = YES;
				CLANG_WARN_BOOL_CONVERSION = YES;
				CLANG_WARN_CONSTANT_CONVERSION = YES;
				CLANG_WARN_DIRECT_OBJC_ISA_USAGE = YES_ERROR;
				CLANG_WARN_EMPTY_BODY = YES;
				CLANG_WARN_ENUM_CONVERSION = YES;
				CLANG_WARN_INT_CONVERSION = YES;
				CLANG_WARN_OBJC_ROOT_CLASS = YES_ERROR;
				CLANG_WARN__DUPLICATE_METHOD_MATCH = YES;
				"CODE_SIGN_IDENTITY[sdk=iphoneos*]" = "iPhone Developer";
				COPY_PHASE_STRIP = YES;
				ENABLE_NS_ASSERTIONS = NO;
				GCC_C_LANGUAGE_STANDARD = gnu99;
				GCC_WARN_64_TO_32_BIT_CONVERSION = YES;
				GCC_WARN_ABOUT_RETURN_TYPE = YES_ERROR;
				GCC_WARN_UNDECLARED_SELECTOR = YES;
				GCC_WARN_UNINITIALIZED_AUTOS = YES;
				GCC_WARN_UNUSED_FUNCTION = YES;
				GCC_WARN_UNUSED_VARIABLE = YES;
				IPHONEOS_DEPLOYMENT_TARGET = 7.0;
				SDKROOT = iphoneos;
				VALIDATE_PRODUCT = YES;
			};
			name = Release;
		};
		580CAEFA18AA816F007FD249 /* Debug */ = {
			isa = XCBuildConfiguration;
			buildSettings = {
				ASSETCATALOG_COMPILER_APPICON_NAME = AppIcon;
				ASSETCATALOG_COMPILER_LAUNCHIMAGE_NAME = LaunchImage;
				GCC_PRECOMPILE_PREFIX_HEADER = YES;
				GCC_PREFIX_HEADER = "Out Of This World/Out Of This World-Prefix.pch";
				INFOPLIST_FILE = "Out Of This World/Out Of This World-Info.plist";
				PRODUCT_NAME = "$(TARGET_NAME)";
				WRAPPER_EXTENSION = app;
			};
			name = Debug;
		};
		580CAEFB18AA816F007FD249 /* Release */ = {
			isa = XCBuildConfiguration;
			buildSettings = {
				ASSETCATALOG_COMPILER_APPICON_NAME = AppIcon;
				ASSETCATALOG_COMPILER_LAUNCHIMAGE_NAME = LaunchImage;
				GCC_PRECOMPILE_PREFIX_HEADER = YES;
				GCC_PREFIX_HEADER = "Out Of This World/Out Of This World-Prefix.pch";
				INFOPLIST_FILE = "Out Of This World/Out Of This World-Info.plist";
				PRODUCT_NAME = "$(TARGET_NAME)";
				WRAPPER_EXTENSION = app;
			};
			name = Release;
		};
		580CAEFD18AA816F007FD249 /* Debug */ = {
			isa = XCBuildConfiguration;
			buildSettings = {
				ARCHS = "$(ARCHS_STANDARD_INCLUDING_64_BIT)";
				BUNDLE_LOADER = "$(BUILT_PRODUCTS_DIR)/Out Of This World.app/Out Of This World";
				FRAMEWORK_SEARCH_PATHS = (
					"$(SDKROOT)/Developer/Library/Frameworks",
					"$(inherited)",
					"$(DEVELOPER_FRAMEWORKS_DIR)",
				);
				GCC_PRECOMPILE_PREFIX_HEADER = YES;
				GCC_PREFIX_HEADER = "Out Of This World/Out Of This World-Prefix.pch";
				GCC_PREPROCESSOR_DEFINITIONS = (
					"DEBUG=1",
					"$(inherited)",
				);
				INFOPLIST_FILE = "Out Of This WorldTests/Out Of This WorldTests-Info.plist";
				PRODUCT_NAME = "$(TARGET_NAME)";
				TEST_HOST = "$(BUNDLE_LOADER)";
				WRAPPER_EXTENSION = xctest;
			};
			name = Debug;
		};
		580CAEFE18AA816F007FD249 /* Release */ = {
			isa = XCBuildConfiguration;
			buildSettings = {
				ARCHS = "$(ARCHS_STANDARD_INCLUDING_64_BIT)";
				BUNDLE_LOADER = "$(BUILT_PRODUCTS_DIR)/Out Of This World.app/Out Of This World";
				FRAMEWORK_SEARCH_PATHS = (
					"$(SDKROOT)/Developer/Library/Frameworks",
					"$(inherited)",
					"$(DEVELOPER_FRAMEWORKS_DIR)",
				);
				GCC_PRECOMPILE_PREFIX_HEADER = YES;
				GCC_PREFIX_HEADER = "Out Of This World/Out Of This World-Prefix.pch";
				INFOPLIST_FILE = "Out Of This WorldTests/Out Of This WorldTests-Info.plist";
				PRODUCT_NAME = "$(TARGET_NAME)";
				TEST_HOST = "$(BUNDLE_LOADER)";
				WRAPPER_EXTENSION = xctest;
			};
			name = Release;
		};
/* End XCBuildConfiguration section */

/* Begin XCConfigurationList section */
		580CAEC218AA816F007FD249 /* Build configuration list for PBXProject "Out Of This World" */ = {
			isa = XCConfigurationList;
			buildConfigurations = (
				580CAEF718AA816F007FD249 /* Debug */,
				580CAEF818AA816F007FD249 /* Release */,
			);
			defaultConfigurationIsVisible = 0;
			defaultConfigurationName = Release;
		};
		580CAEF918AA816F007FD249 /* Build configuration list for PBXNativeTarget "Out Of This World" */ = {
			isa = XCConfigurationList;
			buildConfigurations = (
				580CAEFA18AA816F007FD249 /* Debug */,
				580CAEFB18AA816F007FD249 /* Release */,
			);
			defaultConfigurationIsVisible = 0;
			defaultConfigurationName = Release;
		};
		580CAEFC18AA816F007FD249 /* Build configuration list for PBXNativeTarget "Out Of This WorldTests" */ = {
			isa = XCConfigurationList;
			buildConfigurations = (
				580CAEFD18AA816F007FD249 /* Debug */,
				580CAEFE18AA816F007FD249 /* Release */,
			);
			defaultConfigurationIsVisible = 0;
			defaultConfigurationName = Release;
		};
/* End XCConfigurationList section */
	};
	rootObject = 580CAEBF18AA816F007FD249 /* Project object */;
}
